
Microsoft Visual Studio Solution File, Format Version 12.00
# Visual Studio Version 17
VisualStudioVersion = 17.7.34221.43
MinimumVisualStudioVersion = 10.0.40219.1
Project("{FAE04EC0-301F-11D3-BF4B-00C04F79EFBC}") = "Laboration4", "Laboration4.csproj", "{A840E9E9-EBDF-4F13-8237-9B1446857006}"
EndProject
Global
	GlobalSection(SolutionConfigurationPlatforms) = preSolution
		Debug|Any CPU = Debug|Any CPU
		Release|Any CPU = Release|Any CPU
	EndGlobalSection
	GlobalSection(ProjectConfigurationPlatforms) = postSolution
		{A840E9E9-EBDF-4F13-8237-9B1446857006}.Debug|Any CPU.ActiveCfg = Debug|Any CPU
		{A840E9E9-EBDF-4F13-8237-9B1446857006}.Debug|Any CPU.Build.0 = Debug|Any CPU
		{A840E9E9-EBDF-4F13-8237-9B1446857006}.Release|Any CPU.ActiveCfg = Release|Any CPU
		{A840E9E9-EBDF-4F13-8237-9B1446857006}.Release|Any CPU.Build.0 = Release|Any CPU
	EndGlobalSection
	GlobalSection(SolutionProperties) = preSolution
		HideSolutionNode = FALSE
	EndGlobalSection
	GlobalSection(ExtensibilityGlobals) = postSolution
		SolutionGuid = {6D9EE86C-BD45-41BD-B19B-83CA20272476}
	EndGlobalSection
EndGlobal
